// !$*UTF8*$!
{
	archiveVersion = 1;
	classes = {
	};
	objectVersion = 46;
	objects = {

/* Begin PBXBuildFile section */
		528D5F951B9F30870081438B /* main.m in Sources */ = {isa = PBXBuildFile; fileRef = 528D5F941B9F30870081438B /* main.m */; };
		528D5F981B9F30870081438B /* AppDelegate.m in Sources */ = {isa = PBXBuildFile; fileRef = 528D5F971B9F30870081438B /* AppDelegate.m */; };
		528D5FA31B9F30870081438B /* Images.xcassets in Resources */ = {isa = PBXBuildFile; fileRef = 528D5FA21B9F30870081438B /* Images.xcassets */; };
		528D5FA61B9F30870081438B /* LaunchScreen.xib in Resources */ = {isa = PBXBuildFile; fileRef = 528D5FA41B9F30870081438B /* LaunchScreen.xib */; };
		528D5FB21B9F30870081438B /* GrabTaskTests.m in Sources */ = {isa = PBXBuildFile; fileRef = 528D5FB11B9F30870081438B /* GrabTaskTests.m */; };
		EA92DA831BC728B2000346E2 /* usersbanner.png in Resources */ = {isa = PBXBuildFile; fileRef = EA92DA821BC728B2000346E2 /* usersbanner.png */; };
		EA92DA851BC729E5000346E2 /* defaultPhoto.png in Resources */ = {isa = PBXBuildFile; fileRef = EA92DA841BC729E5000346E2 /* defaultPhoto.png */; };
		EAB3E9621BA2C49200BABCB8 /* home@3x.png in Resources */ = {isa = PBXBuildFile; fileRef = EAB3E95E1BA2C49200BABCB8 /* home@3x.png */; };
		EAB3E9641BA2C49200BABCB8 /* gift@3x.png in Resources */ = {isa = PBXBuildFile; fileRef = EAB3E9601BA2C49200BABCB8 /* gift@3x.png */; };
		EAB3E9651BA2C49200BABCB8 /* member@3x.png in Resources */ = {isa = PBXBuildFile; fileRef = EAB3E9611BA2C49200BABCB8 /* member@3x.png */; };
		EACDF5691BA022DF00BB148C /* back.png in Resources */ = {isa = PBXBuildFile; fileRef = EACDF5681BA022DF00BB148C /* back.png */; };
		EACDF5741BA02CA800BB148C /* splash_1536_2048.png in Resources */ = {isa = PBXBuildFile; fileRef = EACDF5731BA02CA800BB148C /* splash_1536_2048.png */; };
		EACDF57E1BA1392600BB148C /* HomeViewController.m in Sources */ = {isa = PBXBuildFile; fileRef = EACDF57C1BA1392600BB148C /* HomeViewController.m */; };
		EACDF57F1BA1392600BB148C /* HomeViewController.xib in Resources */ = {isa = PBXBuildFile; fileRef = EACDF57D1BA1392600BB148C /* HomeViewController.xib */; };
		EACDF5861BA13D9F00BB148C /* GiftViewController.m in Sources */ = {isa = PBXBuildFile; fileRef = EACDF5841BA13D9F00BB148C /* GiftViewController.m */; };
		EACDF5871BA13D9F00BB148C /* GiftViewController.xib in Resources */ = {isa = PBXBuildFile; fileRef = EACDF5851BA13D9F00BB148C /* GiftViewController.xib */; };
		EACDF58B1BA13DC800BB148C /* TaskViewController.m in Sources */ = {isa = PBXBuildFile; fileRef = EACDF5891BA13DC800BB148C /* TaskViewController.m */; };
		EACDF58C1BA13DC800BB148C /* TaskViewController.xib in Resources */ = {isa = PBXBuildFile; fileRef = EACDF58A1BA13DC800BB148C /* TaskViewController.xib */; };
		EACDF5901BA13DDB00BB148C /* MineViewController.m in Sources */ = {isa = PBXBuildFile; fileRef = EACDF58E1BA13DDB00BB148C /* MineViewController.m */; };
		EACDF5911BA13DDB00BB148C /* MineViewController.xib in Resources */ = {isa = PBXBuildFile; fileRef = EACDF58F1BA13DDB00BB148C /* MineViewController.xib */; };
		EACDF5961BA140AE00BB148C /* TaskTableViewCell.m in Sources */ = {isa = PBXBuildFile; fileRef = EACDF5941BA140AE00BB148C /* TaskTableViewCell.m */; };
		EACDF5971BA140AE00BB148C /* TaskTableViewCell.xib in Resources */ = {isa = PBXBuildFile; fileRef = EACDF5951BA140AE00BB148C /* TaskTableViewCell.xib */; };
		EACDF59C1BA15C1200BB148C /* cp4.png in Resources */ = {isa = PBXBuildFile; fileRef = EACDF59B1BA15C1200BB148C /* cp4.png */; };
		EACDF5A01BA1661700BB148C /* MineTableViewCell.m in Sources */ = {isa = PBXBuildFile; fileRef = EACDF59E1BA1661700BB148C /* MineTableViewCell.m */; };
		EACDF5A11BA1661700BB148C /* MineTableViewCell.xib in Resources */ = {isa = PBXBuildFile; fileRef = EACDF59F1BA1661700BB148C /* MineTableViewCell.xib */; };
		EACDF5C61BA177A300BB148C /* i-dizhi@3x.png in Resources */ = {isa = PBXBuildFile; fileRef = EACDF5BA1BA177A300BB148C /* i-dizhi@3x.png */; };
		EACDF5C71BA177A300BB148C /* i-help@3x.png in Resources */ = {isa = PBXBuildFile; fileRef = EACDF5BB1BA177A300BB148C /* i-help@3x.png */; };
		EACDF5C81BA177A300BB148C /* i-kefu@3x.png in Resources */ = {isa = PBXBuildFile; fileRef = EACDF5BC1BA177A300BB148C /* i-kefu@3x.png */; };
		EACDF5C91BA177A300BB148C /* i-lianmeng@3x.png in Resources */ = {isa = PBXBuildFile; fileRef = EACDF5BD1BA177A300BB148C /* i-lianmeng@3x.png */; };
		EACDF5CA1BA177A300BB148C /* i-more@3x.png in Resources */ = {isa = PBXBuildFile; fileRef = EACDF5BE1BA177A300BB148C /* i-more@3x.png */; };
		EACDF5CB1BA177A300BB148C /* i-paiming@3x.png in Resources */ = {isa = PBXBuildFile; fileRef = EACDF5BF1BA177A300BB148C /* i-paiming@3x.png */; };
		EACDF5CC1BA177A300BB148C /* i-qianbao@3x.png in Resources */ = {isa = PBXBuildFile; fileRef = EACDF5C01BA177A300BB148C /* i-qianbao@3x.png */; };
		EACDF5CD1BA177A300BB148C /* i-shanghu@3x.png in Resources */ = {isa = PBXBuildFile; fileRef = EACDF5C11BA177A300BB148C /* i-shanghu@3x.png */; };
		EACDF5CE1BA177A300BB148C /* i-shezhi@3x.png in Resources */ = {isa = PBXBuildFile; fileRef = EACDF5C21BA177A300BB148C /* i-shezhi@3x.png */; };
		EACDF5CF1BA177A300BB148C /* i-women@3x.png in Resources */ = {isa = PBXBuildFile; fileRef = EACDF5C31BA177A300BB148C /* i-women@3x.png */; };
		EACDF5D01BA177A300BB148C /* i-yijian@3x.png in Resources */ = {isa = PBXBuildFile; fileRef = EACDF5C41BA177A300BB148C /* i-yijian@3x.png */; };
		EACDF5D11BA177A300BB148C /* i-youhuiquan@3x.png in Resources */ = {isa = PBXBuildFile; fileRef = EACDF5C51BA177A300BB148C /* i-youhuiquan@3x.png */; };
		EAE317121BA2D101003E88D6 /* task@3x.png in Resources */ = {isa = PBXBuildFile; fileRef = EAE317111BA2D101003E88D6 /* task@3x.png */; };
/* End PBXBuildFile section */

/* Begin PBXContainerItemProxy section */
		528D5FAC1B9F30870081438B /* PBXContainerItemProxy */ = {
			isa = PBXContainerItemProxy;
			containerPortal = 528D5F871B9F30870081438B /* Project object */;
			proxyType = 1;
			remoteGlobalIDString = 528D5F8E1B9F30870081438B;
			remoteInfo = GrabTask;
		};
/* End PBXContainerItemProxy section */

/* Begin PBXFileReference section */
		528D5F8F1B9F30870081438B /* GrabTask.app */ = {isa = PBXFileReference; explicitFileType = wrapper.application; includeInIndex = 0; path = GrabTask.app; sourceTree = BUILT_PRODUCTS_DIR; };
		528D5F931B9F30870081438B /* Info.plist */ = {isa = PBXFileReference; lastKnownFileType = text.plist.xml; path = Info.plist; sourceTree = "<group>"; };
		528D5F941B9F30870081438B /* main.m */ = {isa = PBXFileReference; lastKnownFileType = sourcecode.c.objc; path = main.m; sourceTree = "<group>"; };
		528D5F961B9F30870081438B /* AppDelegate.h */ = {isa = PBXFileReference; lastKnownFileType = sourcecode.c.h; path = AppDelegate.h; sourceTree = "<group>"; };
		528D5F971B9F30870081438B /* AppDelegate.m */ = {isa = PBXFileReference; lastKnownFileType = sourcecode.c.objc; path = AppDelegate.m; sourceTree = "<group>"; };
		528D5FA21B9F30870081438B /* Images.xcassets */ = {isa = PBXFileReference; lastKnownFileType = folder.assetcatalog; path = Images.xcassets; sourceTree = "<group>"; };
		528D5FA51B9F30870081438B /* Base */ = {isa = PBXFileReference; lastKnownFileType = file.xib; name = Base; path = Base.lproj/LaunchScreen.xib; sourceTree = "<group>"; };
		528D5FAB1B9F30870081438B /* GrabTaskTests.xctest */ = {isa = PBXFileReference; explicitFileType = wrapper.cfbundle; includeInIndex = 0; path = GrabTaskTests.xctest; sourceTree = BUILT_PRODUCTS_DIR; };
		528D5FB01B9F30870081438B /* Info.plist */ = {isa = PBXFileReference; lastKnownFileType = text.plist.xml; path = Info.plist; sourceTree = "<group>"; };
		528D5FB11B9F30870081438B /* GrabTaskTests.m */ = {isa = PBXFileReference; lastKnownFileType = sourcecode.c.objc; path = GrabTaskTests.m; sourceTree = "<group>"; };
		EA92DA821BC728B2000346E2 /* usersbanner.png */ = {isa = PBXFileReference; lastKnownFileType = image.png; path = usersbanner.png; sourceTree = "<group>"; };
		EA92DA841BC729E5000346E2 /* defaultPhoto.png */ = {isa = PBXFileReference; lastKnownFileType = image.png; path = defaultPhoto.png; sourceTree = "<group>"; };
		EAB3E95E1BA2C49200BABCB8 /* home@3x.png */ = {isa = PBXFileReference; lastKnownFileType = image.png; path = "home@3x.png"; sourceTree = "<group>"; };
		EAB3E9601BA2C49200BABCB8 /* gift@3x.png */ = {isa = PBXFileReference; lastKnownFileType = image.png; path = "gift@3x.png"; sourceTree = "<group>"; };
		EAB3E9611BA2C49200BABCB8 /* member@3x.png */ = {isa = PBXFileReference; lastKnownFileType = image.png; path = "member@3x.png"; sourceTree = "<group>"; };
		EACDF5681BA022DF00BB148C /* back.png */ = {isa = PBXFileReference; lastKnownFileType = image.png; path = back.png; sourceTree = "<group>"; };
		EACDF5731BA02CA800BB148C /* splash_1536_2048.png */ = {isa = PBXFileReference; lastKnownFileType = image.png; path = splash_1536_2048.png; sourceTree = "<group>"; };
		EACDF57B1BA1392600BB148C /* HomeViewController.h */ = {isa = PBXFileReference; fileEncoding = 4; lastKnownFileType = sourcecode.c.h; path = HomeViewController.h; sourceTree = "<group>"; };
		EACDF57C1BA1392600BB148C /* HomeViewController.m */ = {isa = PBXFileReference; fileEncoding = 4; lastKnownFileType = sourcecode.c.objc; path = HomeViewController.m; sourceTree = "<group>"; };
		EACDF57D1BA1392600BB148C /* HomeViewController.xib */ = {isa = PBXFileReference; fileEncoding = 4; lastKnownFileType = file.xib; path = HomeViewController.xib; sourceTree = "<group>"; };
		EACDF5831BA13D9F00BB148C /* GiftViewController.h */ = {isa = PBXFileReference; fileEncoding = 4; lastKnownFileType = sourcecode.c.h; path = GiftViewController.h; sourceTree = "<group>"; };
		EACDF5841BA13D9F00BB148C /* GiftViewController.m */ = {isa = PBXFileReference; fileEncoding = 4; lastKnownFileType = sourcecode.c.objc; path = GiftViewController.m; sourceTree = "<group>"; };
		EACDF5851BA13D9F00BB148C /* GiftViewController.xib */ = {isa = PBXFileReference; fileEncoding = 4; lastKnownFileType = file.xib; path = GiftViewController.xib; sourceTree = "<group>"; };
		EACDF5881BA13DC800BB148C /* TaskViewController.h */ = {isa = PBXFileReference; fileEncoding = 4; lastKnownFileType = sourcecode.c.h; path = TaskViewController.h; sourceTree = "<group>"; };
		EACDF5891BA13DC800BB148C /* TaskViewController.m */ = {isa = PBXFileReference; fileEncoding = 4; lastKnownFileType = sourcecode.c.objc; path = TaskViewController.m; sourceTree = "<group>"; };
		EACDF58A1BA13DC800BB148C /* TaskViewController.xib */ = {isa = PBXFileReference; fileEncoding = 4; lastKnownFileType = file.xib; path = TaskViewController.xib; sourceTree = "<group>"; };
		EACDF58D1BA13DDB00BB148C /* MineViewController.h */ = {isa = PBXFileReference; fileEncoding = 4; lastKnownFileType = sourcecode.c.h; path = MineViewController.h; sourceTree = "<group>"; };
		EACDF58E1BA13DDB00BB148C /* MineViewController.m */ = {isa = PBXFileReference; fileEncoding = 4; lastKnownFileType = sourcecode.c.objc; path = MineViewController.m; sourceTree = "<group>"; };
		EACDF58F1BA13DDB00BB148C /* MineViewController.xib */ = {isa = PBXFileReference; fileEncoding = 4; lastKnownFileType = file.xib; path = MineViewController.xib; sourceTree = "<group>"; };
		EACDF5931BA140AE00BB148C /* TaskTableViewCell.h */ = {isa = PBXFileReference; fileEncoding = 4; lastKnownFileType = sourcecode.c.h; path = TaskTableViewCell.h; sourceTree = "<group>"; };
		EACDF5941BA140AE00BB148C /* TaskTableViewCell.m */ = {isa = PBXFileReference; fileEncoding = 4; lastKnownFileType = sourcecode.c.objc; path = TaskTableViewCell.m; sourceTree = "<group>"; };
		EACDF5951BA140AE00BB148C /* TaskTableViewCell.xib */ = {isa = PBXFileReference; fileEncoding = 4; lastKnownFileType = file.xib; path = TaskTableViewCell.xib; sourceTree = "<group>"; };
		EACDF59B1BA15C1200BB148C /* cp4.png */ = {isa = PBXFileReference; lastKnownFileType = image.png; path = cp4.png; sourceTree = "<group>"; };
		EACDF59D1BA1661700BB148C /* MineTableViewCell.h */ = {isa = PBXFileReference; fileEncoding = 4; lastKnownFileType = sourcecode.c.h; path = MineTableViewCell.h; sourceTree = "<group>"; };
		EACDF59E1BA1661700BB148C /* MineTableViewCell.m */ = {isa = PBXFileReference; fileEncoding = 4; lastKnownFileType = sourcecode.c.objc; path = MineTableViewCell.m; sourceTree = "<group>"; };
		EACDF59F1BA1661700BB148C /* MineTableViewCell.xib */ = {isa = PBXFileReference; fileEncoding = 4; lastKnownFileType = file.xib; path = MineTableViewCell.xib; sourceTree = "<group>"; };
		EACDF5BA1BA177A300BB148C /* i-dizhi@3x.png */ = {isa = PBXFileReference; lastKnownFileType = image.png; path = "i-dizhi@3x.png"; sourceTree = "<group>"; };
		EACDF5BB1BA177A300BB148C /* i-help@3x.png */ = {isa = PBXFileReference; lastKnownFileType = image.png; path = "i-help@3x.png"; sourceTree = "<group>"; };
		EACDF5BC1BA177A300BB148C /* i-kefu@3x.png */ = {isa = PBXFileReference; lastKnownFileType = image.png; path = "i-kefu@3x.png"; sourceTree = "<group>"; };
		EACDF5BD1BA177A300BB148C /* i-lianmeng@3x.png */ = {isa = PBXFileReference; lastKnownFileType = image.png; path = "i-lianmeng@3x.png"; sourceTree = "<group>"; };
		EACDF5BE1BA177A300BB148C /* i-more@3x.png */ = {isa = PBXFileReference; lastKnownFileType = image.png; path = "i-more@3x.png"; sourceTree = "<group>"; };
		EACDF5BF1BA177A300BB148C /* i-paiming@3x.png */ = {isa = PBXFileReference; lastKnownFileType = image.png; path = "i-paiming@3x.png"; sourceTree = "<group>"; };
		EACDF5C01BA177A300BB148C /* i-qianbao@3x.png */ = {isa = PBXFileReference; lastKnownFileType = image.png; path = "i-qianbao@3x.png"; sourceTree = "<group>"; };
		EACDF5C11BA177A300BB148C /* i-shanghu@3x.png */ = {isa = PBXFileReference; lastKnownFileType = image.png; path = "i-shanghu@3x.png"; sourceTree = "<group>"; };
		EACDF5C21BA177A300BB148C /* i-shezhi@3x.png */ = {isa = PBXFileReference; lastKnownFileType = image.png; path = "i-shezhi@3x.png"; sourceTree = "<group>"; };
		EACDF5C31BA177A300BB148C /* i-women@3x.png */ = {isa = PBXFileReference; lastKnownFileType = image.png; path = "i-women@3x.png"; sourceTree = "<group>"; };
		EACDF5C41BA177A300BB148C /* i-yijian@3x.png */ = {isa = PBXFileReference; lastKnownFileType = image.png; path = "i-yijian@3x.png"; sourceTree = "<group>"; };
		EACDF5C51BA177A300BB148C /* i-youhuiquan@3x.png */ = {isa = PBXFileReference; lastKnownFileType = image.png; path = "i-youhuiquan@3x.png"; sourceTree = "<group>"; };
		EAE317111BA2D101003E88D6 /* task@3x.png */ = {isa = PBXFileReference; lastKnownFileType = image.png; path = "task@3x.png"; sourceTree = "<group>"; };
/* End PBXFileReference section */

/* Begin PBXFrameworksBuildPhase section */
		528D5F8C1B9F30870081438B /* Frameworks */ = {
			isa = PBXFrameworksBuildPhase;
			buildActionMask = 2147483647;
			files = (
			);
			runOnlyForDeploymentPostprocessing = 0;
		};
		528D5FA81B9F30870081438B /* Frameworks */ = {
			isa = PBXFrameworksBuildPhase;
			buildActionMask = 2147483647;
			files = (
			);
			runOnlyForDeploymentPostprocessing = 0;
		};
/* End PBXFrameworksBuildPhase section */

/* Begin PBXGroup section */
		5280D35F1B9FD80700A8037A /* AppDelegate */ = {
			isa = PBXGroup;
			children = (
				528D5F961B9F30870081438B /* AppDelegate.h */,
				528D5F971B9F30870081438B /* AppDelegate.m */,
			);
			name = AppDelegate;
			sourceTree = "<group>";
		};
		5280D3601B9FD81300A8037A /* Models */ = {
			isa = PBXGroup;
			children = (
				EACDF5931BA140AE00BB148C /* TaskTableViewCell.h */,
				EACDF5941BA140AE00BB148C /* TaskTableViewCell.m */,
				EACDF5951BA140AE00BB148C /* TaskTableViewCell.xib */,
				EACDF59D1BA1661700BB148C /* MineTableViewCell.h */,
				EACDF59E1BA1661700BB148C /* MineTableViewCell.m */,
				EACDF59F1BA1661700BB148C /* MineTableViewCell.xib */,
			);
			name = Models;
			sourceTree = "<group>";
		};
		5280D3611B9FD81800A8037A /* Macro */ = {
			isa = PBXGroup;
			children = (
			);
			name = Macro;
			sourceTree = "<group>";
		};
		5280D3621B9FD81E00A8037A /* General */ = {
			isa = PBXGroup;
			children = (
				EACDF5821BA13D7C00BB148C /* Mine */,
				EACDF5811BA13D6E00BB148C /* Task */,
				EACDF5801BA13D6200BB148C /* Gift */,
				EACDF57A1BA1390400BB148C /* Home */,
			);
			name = General;
			sourceTree = "<group>";
		};
		5280D3631B9FD82B00A8037A /* Helpers */ = {
			isa = PBXGroup;
			children = (
			);
			name = Helpers;
			sourceTree = "<group>";
		};
		5280D3641B9FD83300A8037A /* Vendors */ = {
			isa = PBXGroup;
			children = (
			);
			name = Vendors;
			sourceTree = "<group>";
		};
		5280D3651B9FD84100A8037A /* Sections */ = {
			isa = PBXGroup;
			children = (
			);
			name = Sections;
			sourceTree = "<group>";
		};
		5280D3661B9FD84900A8037A /* Resources */ = {
			isa = PBXGroup;
			children = (
				52E211211BA0221200BCF66C /* image */,
			);
			name = Resources;
			sourceTree = "<group>";
		};
		528D5F861B9F30870081438B = {
			isa = PBXGroup;
			children = (
				528D5F911B9F30870081438B /* GrabTask */,
				528D5FAE1B9F30870081438B /* GrabTaskTests */,
				528D5F901B9F30870081438B /* Products */,
			);
			sourceTree = "<group>";
		};
		528D5F901B9F30870081438B /* Products */ = {
			isa = PBXGroup;
			children = (
				528D5F8F1B9F30870081438B /* GrabTask.app */,
				528D5FAB1B9F30870081438B /* GrabTaskTests.xctest */,
			);
			name = Products;
			sourceTree = "<group>";
		};
		528D5F911B9F30870081438B /* GrabTask */ = {
			isa = PBXGroup;
			children = (
				5280D3641B9FD83300A8037A /* Vendors */,
				5280D3651B9FD84100A8037A /* Sections */,
				5280D3661B9FD84900A8037A /* Resources */,
				5280D3611B9FD81800A8037A /* Macro */,
				5280D3631B9FD82B00A8037A /* Helpers */,
				5280D3621B9FD81E00A8037A /* General */,
				5280D3601B9FD81300A8037A /* Models */,
				5280D35F1B9FD80700A8037A /* AppDelegate */,
				528D5F921B9F30870081438B /* Supporting Files */,
			);
			path = GrabTask;
			sourceTree = "<group>";
		};
		528D5F921B9F30870081438B /* Supporting Files */ = {
			isa = PBXGroup;
			children = (
				528D5FA21B9F30870081438B /* Images.xcassets */,
				528D5FA41B9F30870081438B /* LaunchScreen.xib */,
				528D5F931B9F30870081438B /* Info.plist */,
				528D5F941B9F30870081438B /* main.m */,
			);
			name = "Supporting Files";
			sourceTree = "<group>";
		};
		528D5FAE1B9F30870081438B /* GrabTaskTests */ = {
			isa = PBXGroup;
			children = (
				528D5FB11B9F30870081438B /* GrabTaskTests.m */,
				528D5FAF1B9F30870081438B /* Supporting Files */,
			);
			path = GrabTaskTests;
			sourceTree = "<group>";
		};
		528D5FAF1B9F30870081438B /* Supporting Files */ = {
			isa = PBXGroup;
			children = (
				528D5FB01B9F30870081438B /* Info.plist */,
			);
			name = "Supporting Files";
			sourceTree = "<group>";
		};
		52E211211BA0221200BCF66C /* image */ = {
			isa = PBXGroup;
			children = (
				EACDF56A1BA0256A00BB148C /* tabbar */,
				EACDF5981BA15B4600BB148C /* center */,
				52E211231BA0223200BCF66C /* navigation */,
				52E211221BA0222800BCF66C /* logo */,
			);
			name = image;
			sourceTree = "<group>";
		};
		52E211221BA0222800BCF66C /* logo */ = {
			isa = PBXGroup;
			children = (
				EACDF5731BA02CA800BB148C /* splash_1536_2048.png */,
			);
			name = logo;
			sourceTree = "<group>";
		};
		52E211231BA0223200BCF66C /* navigation */ = {
			isa = PBXGroup;
			children = (
				EACDF5681BA022DF00BB148C /* back.png */,
			);
			name = navigation;
			sourceTree = "<group>";
		};
		EACDF56A1BA0256A00BB148C /* tabbar */ = {
			isa = PBXGroup;
			children = (
				EAE317111BA2D101003E88D6 /* task@3x.png */,
				EAB3E95E1BA2C49200BABCB8 /* home@3x.png */,
				EAB3E9601BA2C49200BABCB8 /* gift@3x.png */,
				EAB3E9611BA2C49200BABCB8 /* member@3x.png */,
			);
			name = tabbar;
			sourceTree = "<group>";
		};
		EACDF57A1BA1390400BB148C /* Home */ = {
			isa = PBXGroup;
			children = (
				EACDF57B1BA1392600BB148C /* HomeViewController.h */,
				EACDF57C1BA1392600BB148C /* HomeViewController.m */,
				EACDF57D1BA1392600BB148C /* HomeViewController.xib */,
			);
			name = Home;
			sourceTree = "<group>";
		};
		EACDF5801BA13D6200BB148C /* Gift */ = {
			isa = PBXGroup;
			children = (
				EACDF5831BA13D9F00BB148C /* GiftViewController.h */,
				EACDF5841BA13D9F00BB148C /* GiftViewController.m */,
				EACDF5851BA13D9F00BB148C /* GiftViewController.xib */,
			);
			name = Gift;
			sourceTree = "<group>";
		};
		EACDF5811BA13D6E00BB148C /* Task */ = {
			isa = PBXGroup;
			children = (
				EACDF5881BA13DC800BB148C /* TaskViewController.h */,
				EACDF5891BA13DC800BB148C /* TaskViewController.m */,
				EACDF58A1BA13DC800BB148C /* TaskViewController.xib */,
			);
			name = Task;
			sourceTree = "<group>";
		};
		EACDF5821BA13D7C00BB148C /* Mine */ = {
			isa = PBXGroup;
			children = (
				EACDF58D1BA13DDB00BB148C /* MineViewController.h */,
				EACDF58E1BA13DDB00BB148C /* MineViewController.m */,
				EACDF58F1BA13DDB00BB148C /* MineViewController.xib */,
			);
			name = Mine;
			sourceTree = "<group>";
		};
		EACDF5981BA15B4600BB148C /* center */ = {
			isa = PBXGroup;
			children = (
				EA92DA841BC729E5000346E2 /* defaultPhoto.png */,
				EA92DA821BC728B2000346E2 /* usersbanner.png */,
				EACDF5C51BA177A300BB148C /* i-youhuiquan@3x.png */,
				EACDF5C01BA177A300BB148C /* i-qianbao@3x.png */,
				EACDF5BA1BA177A300BB148C /* i-dizhi@3x.png */,
				EACDF5C31BA177A300BB148C /* i-women@3x.png */,
				EACDF5BB1BA177A300BB148C /* i-help@3x.png */,
				EACDF5C41BA177A300BB148C /* i-yijian@3x.png */,
				EACDF5BC1BA177A300BB148C /* i-kefu@3x.png */,
				EACDF5BD1BA177A300BB148C /* i-lianmeng@3x.png */,
				EACDF5BF1BA177A300BB148C /* i-paiming@3x.png */,
				EACDF5C11BA177A300BB148C /* i-shanghu@3x.png */,
				EACDF5C21BA177A300BB148C /* i-shezhi@3x.png */,
				EACDF5BE1BA177A300BB148C /* i-more@3x.png */,
				EACDF59B1BA15C1200BB148C /* cp4.png */,
			);
			name = center;
			sourceTree = "<group>";
		};
/* End PBXGroup section */

/* Begin PBXNativeTarget section */
		528D5F8E1B9F30870081438B /* GrabTask */ = {
			isa = PBXNativeTarget;
			buildConfigurationList = 528D5FB51B9F30870081438B /* Build configuration list for PBXNativeTarget "GrabTask" */;
			buildPhases = (
				528D5F8B1B9F30870081438B /* Sources */,
				528D5F8C1B9F30870081438B /* Frameworks */,
				528D5F8D1B9F30870081438B /* Resources */,
			);
			buildRules = (
			);
			dependencies = (
			);
			name = GrabTask;
			productName = GrabTask;
			productReference = 528D5F8F1B9F30870081438B /* GrabTask.app */;
			productType = "com.apple.product-type.application";
		};
		528D5FAA1B9F30870081438B /* GrabTaskTests */ = {
			isa = PBXNativeTarget;
			buildConfigurationList = 528D5FB81B9F30870081438B /* Build configuration list for PBXNativeTarget "GrabTaskTests" */;
			buildPhases = (
				528D5FA71B9F30870081438B /* Sources */,
				528D5FA81B9F30870081438B /* Frameworks */,
				528D5FA91B9F30870081438B /* Resources */,
			);
			buildRules = (
			);
			dependencies = (
				528D5FAD1B9F30870081438B /* PBXTargetDependency */,
			);
			name = GrabTaskTests;
			productName = GrabTaskTests;
			productReference = 528D5FAB1B9F30870081438B /* GrabTaskTests.xctest */;
			productType = "com.apple.product-type.bundle.unit-test";
		};
/* End PBXNativeTarget section */

/* Begin PBXProject section */
		528D5F871B9F30870081438B /* Project object */ = {
			isa = PBXProject;
			attributes = {
				LastUpgradeCheck = 0640;
				ORGANIZATIONNAME = John;
				TargetAttributes = {
					528D5F8E1B9F30870081438B = {
						CreatedOnToolsVersion = 6.4;
					};
					528D5FAA1B9F30870081438B = {
						CreatedOnToolsVersion = 6.4;
						TestTargetID = 528D5F8E1B9F30870081438B;
					};
				};
			};
			buildConfigurationList = 528D5F8A1B9F30870081438B /* Build configuration list for PBXProject "GrabTask" */;
			compatibilityVersion = "Xcode 3.2";
			developmentRegion = English;
			hasScannedForEncodings = 0;
			knownRegions = (
				en,
				Base,
			);
			mainGroup = 528D5F861B9F30870081438B;
			productRefGroup = 528D5F901B9F30870081438B /* Products */;
			projectDirPath = "";
			projectRoot = "";
			targets = (
				528D5F8E1B9F30870081438B /* GrabTask */,
				528D5FAA1B9F30870081438B /* GrabTaskTests */,
			);
		};
/* End PBXProject section */

/* Begin PBXResourcesBuildPhase section */
		528D5F8D1B9F30870081438B /* Resources */ = {
			isa = PBXResourcesBuildPhase;
			buildActionMask = 2147483647;
			files = (
				EACDF5D01BA177A300BB148C /* i-yijian@3x.png in Resources */,
				EAB3E9651BA2C49200BABCB8 /* member@3x.png in Resources */,
				EAE317121BA2D101003E88D6 /* task@3x.png in Resources */,
				EACDF5741BA02CA800BB148C /* splash_1536_2048.png in Resources */,
				EACDF5C71BA177A300BB148C /* i-help@3x.png in Resources */,
				EACDF5CA1BA177A300BB148C /* i-more@3x.png in Resources */,
				EACDF5A11BA1661700BB148C /* MineTableViewCell.xib in Resources */,
				EACDF5C81BA177A300BB148C /* i-kefu@3x.png in Resources */,
				EACDF5C91BA177A300BB148C /* i-lianmeng@3x.png in Resources */,
				EACDF5871BA13D9F00BB148C /* GiftViewController.xib in Resources */,
				EACDF58C1BA13DC800BB148C /* TaskViewController.xib in Resources */,
				EAB3E9641BA2C49200BABCB8 /* gift@3x.png in Resources */,
				EACDF5CD1BA177A300BB148C /* i-shanghu@3x.png in Resources */,
				EACDF5CB1BA177A300BB148C /* i-paiming@3x.png in Resources */,
				EACDF5D11BA177A300BB148C /* i-youhuiquan@3x.png in Resources */,
				EACDF5CE1BA177A300BB148C /* i-shezhi@3x.png in Resources */,
				EACDF5691BA022DF00BB148C /* back.png in Resources */,
				EAB3E9621BA2C49200BABCB8 /* home@3x.png in Resources */,
				EACDF59C1BA15C1200BB148C /* cp4.png in Resources */,
				528D5FA61B9F30870081438B /* LaunchScreen.xib in Resources */,
				EACDF5C61BA177A300BB148C /* i-dizhi@3x.png in Resources */,
				EACDF5CC1BA177A300BB148C /* i-qianbao@3x.png in Resources */,
				EA92DA831BC728B2000346E2 /* usersbanner.png in Resources */,
				528D5FA31B9F30870081438B /* Images.xcassets in Resources */,
				EACDF5971BA140AE00BB148C /* TaskTableViewCell.xib in Resources */,
				EACDF57F1BA1392600BB148C /* HomeViewController.xib in Resources */,
				EACDF5CF1BA177A300BB148C /* i-women@3x.png in Resources */,
				EA92DA851BC729E5000346E2 /* defaultPhoto.png in Resources */,
				EACDF5911BA13DDB00BB148C /* MineViewController.xib in Resources */,
			);
			runOnlyForDeploymentPostprocessing = 0;
		};
		528D5FA91B9F30870081438B /* Resources */ = {
			isa = PBXResourcesBuildPhase;
			buildActionMask = 2147483647;
			files = (
			);
			runOnlyForDeploymentPostprocessing = 0;
		};
/* End PBXResourcesBuildPhase section */

/* Begin PBXSourcesBuildPhase section */
		528D5F8B1B9F30870081438B /* Sources */ = {
			isa = PBXSourcesBuildPhase;
			buildActionMask = 2147483647;
			files = (
				EACDF5861BA13D9F00BB148C /* GiftViewController.m in Sources */,
				528D5F981B9F30870081438B /* AppDelegate.m in Sources */,
				EACDF5A01BA1661700BB148C /* MineTableViewCell.m in Sources */,
				EACDF58B1BA13DC800BB148C /* TaskViewController.m in Sources */,
				EACDF5961BA140AE00BB148C /* TaskTableViewCell.m in Sources */,
				EACDF5901BA13DDB00BB148C /* MineViewController.m in Sources */,
				528D5F951B9F30870081438B /* main.m in Sources */,
				EACDF57E1BA1392600BB148C /* HomeViewController.m in Sources */,
			);
			runOnlyForDeploymentPostprocessing = 0;
		};
		528D5FA71B9F30870081438B /* Sources */ = {
			isa = PBXSourcesBuildPhase;
			buildActionMask = 2147483647;
			files = (
				528D5FB21B9F30870081438B /* GrabTaskTests.m in Sources */,
			);
			runOnlyForDeploymentPostprocessing = 0;
		};
/* End PBXSourcesBuildPhase section */

/* Begin PBXTargetDependency section */
		528D5FAD1B9F30870081438B /* PBXTargetDependency */ = {
			isa = PBXTargetDependency;
			target = 528D5F8E1B9F30870081438B /* GrabTask */;
			targetProxy = 528D5FAC1B9F30870081438B /* PBXContainerItemProxy */;
		};
/* End PBXTargetDependency section */

/* Begin PBXVariantGroup section */
		528D5FA41B9F30870081438B /* LaunchScreen.xib */ = {
			isa = PBXVariantGroup;
			children = (
				528D5FA51B9F30870081438B /* Base */,
			);
			name = LaunchScreen.xib;
			sourceTree = "<group>";
		};
/* End PBXVariantGroup section */

/* Begin XCBuildConfiguration section */
		528D5FB31B9F30870081438B /* Debug */ = {
			isa = XCBuildConfiguration;
			buildSettings = {
				ALWAYS_SEARCH_USER_PATHS = NO;
				CLANG_CXX_LANGUAGE_STANDARD = "gnu++0x";
				CLANG_CXX_LIBRARY = "libc++";
				CLANG_ENABLE_MODULES = YES;
				CLANG_ENABLE_OBJC_ARC = YES;
				CLANG_WARN_BOOL_CONVERSION = YES;
				CLANG_WARN_CONSTANT_CONVERSION = YES;
				CLANG_WARN_DIRECT_OBJC_ISA_USAGE = YES_ERROR;
				CLANG_WARN_EMPTY_BODY = YES;
				CLANG_WARN_ENUM_CONVERSION = YES;
				CLANG_WARN_INT_CONVERSION = YES;
				CLANG_WARN_OBJC_ROOT_CLASS = YES_ERROR;
				CLANG_WARN_UNREACHABLE_CODE = YES;
				CLANG_WARN__DUPLICATE_METHOD_MATCH = YES;
				"CODE_SIGN_IDENTITY[sdk=iphoneos*]" = "iPhone Developer";
				COPY_PHASE_STRIP = NO;
				DEBUG_INFORMATION_FORMAT = "dwarf-with-dsym";
				ENABLE_STRICT_OBJC_MSGSEND = YES;
				GCC_C_LANGUAGE_STANDARD = gnu99;
				GCC_DYNAMIC_NO_PIC = NO;
				GCC_NO_COMMON_BLOCKS = YES;
				GCC_OPTIMIZATION_LEVEL = 0;
				GCC_PREPROCESSOR_DEFINITIONS = (
					"DEBUG=1",
					"$(inherited)",
				);
				GCC_SYMBOLS_PRIVATE_EXTERN = NO;
				GCC_WARN_64_TO_32_BIT_CONVERSION = YES;
				GCC_WARN_ABOUT_RETURN_TYPE = YES_ERROR;
				GCC_WARN_UNDECLARED_SELECTOR = YES;
				GCC_WARN_UNINITIALIZED_AUTOS = YES_AGGRESSIVE;
				GCC_WARN_UNUSED_FUNCTION = YES;
				GCC_WARN_UNUSED_VARIABLE = YES;
				IPHONEOS_DEPLOYMENT_TARGET = 8.0;
				MTL_ENABLE_DEBUG_INFO = YES;
				ONLY_ACTIVE_ARCH = YES;
				SDKROOT = iphoneos;
			};
			name = Debug;
		};
		528D5FB41B9F30870081438B /* Release */ = {
			isa = XCBuildConfiguration;
			buildSettings = {
				ALWAYS_SEARCH_USER_PATHS = NO;
				CLANG_CXX_LANGUAGE_STANDARD = "gnu++0x";
				CLANG_CXX_LIBRARY = "libc++";
				CLANG_ENABLE_MODULES = YES;
				CLANG_ENABLE_OBJC_ARC = YES;
				CLANG_WARN_BOOL_CONVERSION = YES;
				CLANG_WARN_CONSTANT_CONVERSION = YES;
				CLANG_WARN_DIRECT_OBJC_ISA_USAGE = YES_ERROR;
				CLANG_WARN_EMPTY_BODY = YES;
				CLANG_WARN_ENUM_CONVERSION = YES;
				CLANG_WARN_INT_CONVERSION = YES;
				CLANG_WARN_OBJC_ROOT_CLASS = YES_ERROR;
				CLANG_WARN_UNREACHABLE_CODE = YES;
				CLANG_WARN__DUPLICATE_METHOD_MATCH = YES;
				"CODE_SIGN_IDENTITY[sdk=iphoneos*]" = "iPhone Developer";
				COPY_PHASE_STRIP = NO;
				DEBUG_INFORMATION_FORMAT = "dwarf-with-dsym";
				ENABLE_NS_ASSERTIONS = NO;
				ENABLE_STRICT_OBJC_MSGSEND = YES;
				GCC_C_LANGUAGE_STANDARD = gnu99;
				GCC_NO_COMMON_BLOCKS = YES;
				GCC_WARN_64_TO_32_BIT_CONVERSION = YES;
				GCC_WARN_ABOUT_RETURN_TYPE = YES_ERROR;
				GCC_WARN_UNDECLARED_SELECTOR = YES;
				GCC_WARN_UNINITIALIZED_AUTOS = YES_AGGRESSIVE;
				GCC_WARN_UNUSED_FUNCTION = YES;
				GCC_WARN_UNUSED_VARIABLE = YES;
				IPHONEOS_DEPLOYMENT_TARGET = 8.0;
				MTL_ENABLE_DEBUG_INFO = NO;
				SDKROOT = iphoneos;
				VALIDATE_PRODUCT = YES;
			};
			name = Release;
		};
		528D5FB61B9F30870081438B /* Debug */ = {
			isa = XCBuildConfiguration;
			buildSettings = {
				ASSETCATALOG_COMPILER_APPICON_NAME = AppIcon;
				INFOPLIST_FILE = GrabTask/Info.plist;
				IPHONEOS_DEPLOYMENT_TARGET = 7.0;
				LD_RUNPATH_SEARCH_PATHS = "$(inherited) @executable_path/Frameworks";
				PRODUCT_NAME = "$(TARGET_NAME)";
			};
			name = Debug;
		};
		528D5FB71B9F30870081438B /* Release */ = {
			isa = XCBuildConfiguration;
			buildSettings = {
				ASSETCATALOG_COMPILER_APPICON_NAME = AppIcon;
				INFOPLIST_FILE = GrabTask/Info.plist;
				IPHONEOS_DEPLOYMENT_TARGET = 7.0;
				LD_RUNPATH_SEARCH_PATHS = "$(inherited) @executable_path/Frameworks";
				PRODUCT_NAME = "$(TARGET_NAME)";
			};
			name = Release;
		};
		528D5FB91B9F30870081438B /* Debug */ = {
			isa = XCBuildConfiguration;
			buildSettings = {
				BUNDLE_LOADER = "$(TEST_HOST)";
				FRAMEWORK_SEARCH_PATHS = (
					"$(SDKROOT)/Developer/Library/Frameworks",
					"$(inherited)",
				);
				GCC_PREPROCESSOR_DEFINITIONS = (
					"DEBUG=1",
					"$(inherited)",
				);
				INFOPLIST_FILE = GrabTaskTests/Info.plist;
				LD_RUNPATH_SEARCH_PATHS = "$(inherited) @executable_path/Frameworks @loader_path/Frameworks";
				PRODUCT_NAME = "$(TARGET_NAME)";
				TEST_HOST = "$(BUILT_PRODUCTS_DIR)/GrabTask.app/GrabTask";
			};
			name = Debug;
		};
		528D5FBA1B9F30870081438B /* Release */ = {
			isa = XCBuildConfiguration;
			buildSettings = {
				BUNDLE_LOADER = "$(TEST_HOST)";
				FRAMEWORK_SEARCH_PATHS = (
					"$(SDKROOT)/Developer/Library/Frameworks",
					"$(inherited)",
				);
				INFOPLIST_FILE = GrabTaskTests/Info.plist;
				LD_RUNPATH_SEARCH_PATHS = "$(inherited) @executable_path/Frameworks @loader_path/Frameworks";
				PRODUCT_NAME = "$(TARGET_NAME)";
				TEST_HOST = "$(BUILT_PRODUCTS_DIR)/GrabTask.app/GrabTask";
			};
			name = Release;
		};
/* End XCBuildConfiguration section */

/* Begin XCConfigurationList section */
		528D5F8A1B9F30870081438B /* Build configuration list for PBXProject "GrabTask" */ = {
			isa = XCConfigurationList;
			buildConfigurations = (
				528D5FB31B9F30870081438B /* Debug */,
				528D5FB41B9F30870081438B /* Release */,
			);
			defaultConfigurationIsVisible = 0;
			defaultConfigurationName = Release;
		};
		528D5FB51B9F30870081438B /* Build configuration list for PBXNativeTarget "GrabTask" */ = {
			isa = XCConfigurationList;
			buildConfigurations = (
				528D5FB61B9F30870081438B /* Debug */,
				528D5FB71B9F30870081438B /* Release */,
			);
			defaultConfigurationIsVisible = 0;
			defaultConfigurationName = Release;
		};
		528D5FB81B9F30870081438B /* Build configuration list for PBXNativeTarget "GrabTaskTests" */ = {
			isa = XCConfigurationList;
			buildConfigurations = (
				528D5FB91B9F30870081438B /* Debug */,
				528D5FBA1B9F30870081438B /* Release */,
			);
			defaultConfigurationIsVisible = 0;
			defaultConfigurationName = Release;
		};
/* End XCConfigurationList section */
	};
	rootObject = 528D5F871B9F30870081438B /* Project object */;
}
