// !$*UTF8*$!
{
	archiveVersion = 1;
	classes = {
	};
	objectVersion = 46;
	objects = {

/* Begin PBXBuildFile section */
		528D5F951B9F30870081438B /* main.m in Sources */ = {isa = PBXBuildFile; fileRef = 528D5F941B9F30870081438B /* main.m */; };
		528D5F981B9F30870081438B /* AppDelegate.m in Sources */ = {isa = PBXBuildFile; fileRef = 528D5F971B9F30870081438B /* AppDelegate.m */; };
		528D5FA11B9F30870081438B /* Main.storyboard in Resources */ = {isa = PBXBuildFile; fileRef = 528D5F9F1B9F30870081438B /* Main.storyboard */; };
		528D5FA31B9F30870081438B /* Images.xcassets in Resources */ = {isa = PBXBuildFile; fileRef = 528D5FA21B9F30870081438B /* Images.xcassets */; };
		528D5FA61B9F30870081438B /* LaunchScreen.xib in Resources */ = {isa = PBXBuildFile; fileRef = 528D5FA41B9F30870081438B /* LaunchScreen.xib */; };
		528D5FB21B9F30870081438B /* GrabTaskTests.m in Sources */ = {isa = PBXBuildFile; fileRef = 528D5FB11B9F30870081438B /* GrabTaskTests.m */; };
/* End PBXBuildFile section */

/* Begin PBXContainerItemProxy section */
		528D5FAC1B9F30870081438B /* PBXContainerItemProxy */ = {
			isa = PBXContainerItemProxy;
			containerPortal = 528D5F871B9F30870081438B /* Project object */;
			proxyType = 1;
			remoteGlobalIDString = 528D5F8E1B9F30870081438B;
			remoteInfo = GrabTask;
		};
/* End PBXContainerItemProxy section */

/* Begin PBXFileReference section */
		528D5F8F1B9F30870081438B /* GrabTask.app */ = {isa = PBXFileReference; explicitFileType = wrapper.application; includeInIndex = 0; path = GrabTask.app; sourceTree = BUILT_PRODUCTS_DIR; };
		528D5F931B9F30870081438B /* Info.plist */ = {isa = PBXFileReference; lastKnownFileType = text.plist.xml; path = Info.plist; sourceTree = "<group>"; };
		528D5F941B9F30870081438B /* main.m */ = {isa = PBXFileReference; lastKnownFileType = sourcecode.c.objc; path = main.m; sourceTree = "<group>"; };
		528D5F961B9F30870081438B /* AppDelegate.h */ = {isa = PBXFileReference; lastKnownFileType = sourcecode.c.h; path = AppDelegate.h; sourceTree = "<group>"; };
		528D5F971B9F30870081438B /* AppDelegate.m */ = {isa = PBXFileReference; lastKnownFileType = sourcecode.c.objc; path = AppDelegate.m; sourceTree = "<group>"; };
		528D5FA01B9F30870081438B /* Base */ = {isa = PBXFileReference; lastKnownFileType = file.storyboard; name = Base; path = Base.lproj/Main.storyboard; sourceTree = "<group>"; };
		528D5FA21B9F30870081438B /* Images.xcassets */ = {isa = PBXFileReference; lastKnownFileType = folder.assetcatalog; path = Images.xcassets; sourceTree = "<group>"; };
		528D5FA51B9F30870081438B /* Base */ = {isa = PBXFileReference; lastKnownFileType = file.xib; name = Base; path = Base.lproj/LaunchScreen.xib; sourceTree = "<group>"; };
		528D5FAB1B9F30870081438B /* GrabTaskTests.xctest */ = {isa = PBXFileReference; explicitFileType = wrapper.cfbundle; includeInIndex = 0; path = GrabTaskTests.xctest; sourceTree = BUILT_PRODUCTS_DIR; };
		528D5FB01B9F30870081438B /* Info.plist */ = {isa = PBXFileReference; lastKnownFileType = text.plist.xml; path = Info.plist; sourceTree = "<group>"; };
		528D5FB11B9F30870081438B /* GrabTaskTests.m */ = {isa = PBXFileReference; lastKnownFileType = sourcecode.c.objc; path = GrabTaskTests.m; sourceTree = "<group>"; };
/* End PBXFileReference section */

/* Begin PBXFrameworksBuildPhase section */
		528D5F8C1B9F30870081438B /* Frameworks */ = {
			isa = PBXFrameworksBuildPhase;
			buildActionMask = 2147483647;
			files = (
			);
			runOnlyForDeploymentPostprocessing = 0;
		};
		528D5FA81B9F30870081438B /* Frameworks */ = {
			isa = PBXFrameworksBuildPhase;
			buildActionMask = 2147483647;
			files = (
			);
			runOnlyForDeploymentPostprocessing = 0;
		};
/* End PBXFrameworksBuildPhase section */

/* Begin PBXGroup section */
		5280D35F1B9FD80700A8037A /* AppDelegate */ = {
			isa = PBXGroup;
			children = (
				528D5F961B9F30870081438B /* AppDelegate.h */,
				528D5F971B9F30870081438B /* AppDelegate.m */,
			);
			name = AppDelegate;
			sourceTree = "<group>";
		};
		5280D3601B9FD81300A8037A /* Models */ = {
			isa = PBXGroup;
			children = (
			);
			name = Models;
			sourceTree = "<group>";
		};
		5280D3611B9FD81800A8037A /* Macro */ = {
			isa = PBXGroup;
			children = (
			);
			name = Macro;
			sourceTree = "<group>";
		};
		5280D3621B9FD81E00A8037A /* General */ = {
			isa = PBXGroup;
			children = (
			);
			name = General;
			sourceTree = "<group>";
		};
		5280D3631B9FD82B00A8037A /* Helpers */ = {
			isa = PBXGroup;
			children = (
			);
			name = Helpers;
			sourceTree = "<group>";
		};
		5280D3641B9FD83300A8037A /* Vendors */ = {
			isa = PBXGroup;
			children = (
			);
			name = Vendors;
			sourceTree = "<group>";
		};
		5280D3651B9FD84100A8037A /* Sections */ = {
			isa = PBXGroup;
			children = (
			);
			name = Sections;
			sourceTree = "<group>";
		};
		5280D3661B9FD84900A8037A /* Resources */ = {
			isa = PBXGroup;
			children = (
			);
			name = Resources;
			sourceTree = "<group>";
		};
		528D5F861B9F30870081438B = {
			isa = PBXGroup;
			children = (
				528D5F911B9F30870081438B /* GrabTask */,
				528D5FAE1B9F30870081438B /* GrabTaskTests */,
				528D5F901B9F30870081438B /* Products */,
			);
			sourceTree = "<group>";
		};
		528D5F901B9F30870081438B /* Products */ = {
			isa = PBXGroup;
			children = (
				528D5F8F1B9F30870081438B /* GrabTask.app */,
				528D5FAB1B9F30870081438B /* GrabTaskTests.xctest */,
			);
			name = Products;
			sourceTree = "<group>";
		};
		528D5F911B9F30870081438B /* GrabTask */ = {
			isa = PBXGroup;
			children = (
				5280D3641B9FD83300A8037A /* Vendors */,
				5280D3651B9FD84100A8037A /* Sections */,
				5280D3661B9FD84900A8037A /* Resources */,
				5280D3611B9FD81800A8037A /* Macro */,
				5280D3631B9FD82B00A8037A /* Helpers */,
				5280D3621B9FD81E00A8037A /* General */,
				5280D3601B9FD81300A8037A /* Models */,
				5280D35F1B9FD80700A8037A /* AppDelegate */,
				528D5FA21B9F30870081438B /* Images.xcassets */,
				528D5FA41B9F30870081438B /* LaunchScreen.xib */,
				528D5F9F1B9F30870081438B /* Main.storyboard */,
				528D5F921B9F30870081438B /* Supporting Files */,
			);
			path = GrabTask;
			sourceTree = "<group>";
		};
		528D5F921B9F30870081438B /* Supporting Files */ = {
			isa = PBXGroup;
			children = (
				528D5F931B9F30870081438B /* Info.plist */,
				528D5F941B9F30870081438B /* main.m */,
			);
			name = "Supporting Files";
			sourceTree = "<group>";
		};
		528D5FAE1B9F30870081438B /* GrabTaskTests */ = {
			isa = PBXGroup;
			children = (
				528D5FB11B9F30870081438B /* GrabTaskTests.m */,
				528D5FAF1B9F30870081438B /* Supporting Files */,
			);
			path = GrabTaskTests;
			sourceTree = "<group>";
		};
		528D5FAF1B9F30870081438B /* Supporting Files */ = {
			isa = PBXGroup;
			children = (
				528D5FB01B9F30870081438B /* Info.plist */,
			);
			name = "Supporting Files";
			sourceTree = "<group>";
		};
/* End PBXGroup section */

/* Begin PBXNativeTarget section */
		528D5F8E1B9F30870081438B /* GrabTask */ = {
			isa = PBXNativeTarget;
			buildConfigurationList = 528D5FB51B9F30870081438B /* Build configuration list for PBXNativeTarget "GrabTask" */;
			buildPhases = (
				528D5F8B1B9F30870081438B /* Sources */,
				528D5F8C1B9F30870081438B /* Frameworks */,
				528D5F8D1B9F30870081438B /* Resources */,
			);
			buildRules = (
			);
			dependencies = (
			);
			name = GrabTask;
			productName = GrabTask;
			productReference = 528D5F8F1B9F30870081438B /* GrabTask.app */;
			productType = "com.apple.product-type.application";
		};
		528D5FAA1B9F30870081438B /* GrabTaskTests */ = {
			isa = PBXNativeTarget;
			buildConfigurationList = 528D5FB81B9F30870081438B /* Build configuration list for PBXNativeTarget "GrabTaskTests" */;
			buildPhases = (
				528D5FA71B9F30870081438B /* Sources */,
				528D5FA81B9F30870081438B /* Frameworks */,
				528D5FA91B9F30870081438B /* Resources */,
			);
			buildRules = (
			);
			dependencies = (
				528D5FAD1B9F30870081438B /* PBXTargetDependency */,
			);
			name = GrabTaskTests;
			productName = GrabTaskTests;
			productReference = 528D5FAB1B9F30870081438B /* GrabTaskTests.xctest */;
			productType = "com.apple.product-type.bundle.unit-test";
		};
/* End PBXNativeTarget section */

/* Begin PBXProject section */
		528D5F871B9F30870081438B /* Project object */ = {
			isa = PBXProject;
			attributes = {
				LastUpgradeCheck = 0640;
				ORGANIZATIONNAME = John;
				TargetAttributes = {
					528D5F8E1B9F30870081438B = {
						CreatedOnToolsVersion = 6.4;
					};
					528D5FAA1B9F30870081438B = {
						CreatedOnToolsVersion = 6.4;
						TestTargetID = 528D5F8E1B9F30870081438B;
					};
				};
			};
			buildConfigurationList = 528D5F8A1B9F30870081438B /* Build configuration list for PBXProject "GrabTask" */;
			compatibilityVersion = "Xcode 3.2";
			developmentRegion = English;
			hasScannedForEncodings = 0;
			knownRegions = (
				en,
				Base,
			);
			mainGroup = 528D5F861B9F30870081438B;
			productRefGroup = 528D5F901B9F30870081438B /* Products */;
			projectDirPath = "";
			projectRoot = "";
			targets = (
				528D5F8E1B9F30870081438B /* GrabTask */,
				528D5FAA1B9F30870081438B /* GrabTaskTests */,
			);
		};
/* End PBXProject section */

/* Begin PBXResourcesBuildPhase section */
		528D5F8D1B9F30870081438B /* Resources */ = {
			isa = PBXResourcesBuildPhase;
			buildActionMask = 2147483647;
			files = (
				528D5FA11B9F30870081438B /* Main.storyboard in Resources */,
				528D5FA61B9F30870081438B /* LaunchScreen.xib in Resources */,
				528D5FA31B9F30870081438B /* Images.xcassets in Resources */,
			);
			runOnlyForDeploymentPostprocessing = 0;
		};
		528D5FA91B9F30870081438B /* Resources */ = {
			isa = PBXResourcesBuildPhase;
			buildActionMask = 2147483647;
			files = (
			);
			runOnlyForDeploymentPostprocessing = 0;
		};
/* End PBXResourcesBuildPhase section */

/* Begin PBXSourcesBuildPhase section */
		528D5F8B1B9F30870081438B /* Sources */ = {
			isa = PBXSourcesBuildPhase;
			buildActionMask = 2147483647;
			files = (
				528D5F981B9F30870081438B /* AppDelegate.m in Sources */,
				528D5F951B9F30870081438B /* main.m in Sources */,
			);
			runOnlyForDeploymentPostprocessing = 0;
		};
		528D5FA71B9F30870081438B /* Sources */ = {
			isa = PBXSourcesBuildPhase;
			buildActionMask = 2147483647;
			files = (
				528D5FB21B9F30870081438B /* GrabTaskTests.m in Sources */,
			);
			runOnlyForDeploymentPostprocessing = 0;
		};
/* End PBXSourcesBuildPhase section */

/* Begin PBXTargetDependency section */
		528D5FAD1B9F30870081438B /* PBXTargetDependency */ = {
			isa = PBXTargetDependency;
			target = 528D5F8E1B9F30870081438B /* GrabTask */;
			targetProxy = 528D5FAC1B9F30870081438B /* PBXContainerItemProxy */;
		};
/* End PBXTargetDependency section */

/* Begin PBXVariantGroup section */
		528D5F9F1B9F30870081438B /* Main.storyboard */ = {
			isa = PBXVariantGroup;
			children = (
				528D5FA01B9F30870081438B /* Base */,
			);
			name = Main.storyboard;
			sourceTree = "<group>";
		};
		528D5FA41B9F30870081438B /* LaunchScreen.xib */ = {
			isa = PBXVariantGroup;
			children = (
				528D5FA51B9F30870081438B /* Base */,
			);
			name = LaunchScreen.xib;
			sourceTree = "<group>";
		};
/* End PBXVariantGroup section */

/* Begin XCBuildConfiguration section */
		528D5FB31B9F30870081438B /* Debug */ = {
			isa = XCBuildConfiguration;
			buildSettings = {
				ALWAYS_SEARCH_USER_PATHS = NO;
				CLANG_CXX_LANGUAGE_STANDARD = "gnu++0x";
				CLANG_CXX_LIBRARY = "libc++";
				CLANG_ENABLE_MODULES = YES;
				CLANG_ENABLE_OBJC_ARC = YES;
				CLANG_WARN_BOOL_CONVERSION = YES;
				CLANG_WARN_CONSTANT_CONVERSION = YES;
				CLANG_WARN_DIRECT_OBJC_ISA_USAGE = YES_ERROR;
				CLANG_WARN_EMPTY_BODY = YES;
				CLANG_WARN_ENUM_CONVERSION = YES;
				CLANG_WARN_INT_CONVERSION = YES;
				CLANG_WARN_OBJC_ROOT_CLASS = YES_ERROR;
				CLANG_WARN_UNREACHABLE_CODE = YES;
				CLANG_WARN__DUPLICATE_METHOD_MATCH = YES;
				"CODE_SIGN_IDENTITY[sdk=iphoneos*]" = "iPhone Developer";
				COPY_PHASE_STRIP = NO;
				DEBUG_INFORMATION_FORMAT = "dwarf-with-dsym";
				ENABLE_STRICT_OBJC_MSGSEND = YES;
				GCC_C_LANGUAGE_STANDARD = gnu99;
				GCC_DYNAMIC_NO_PIC = NO;
				GCC_NO_COMMON_BLOCKS = YES;
				GCC_OPTIMIZATION_LEVEL = 0;
				GCC_PREPROCESSOR_DEFINITIONS = (
					"DEBUG=1",
					"$(inherited)",
				);
				GCC_SYMBOLS_PRIVATE_EXTERN = NO;
				GCC_WARN_64_TO_32_BIT_CONVERSION = YES;
				GCC_WARN_ABOUT_RETURN_TYPE = YES_ERROR;
				GCC_WARN_UNDECLARED_SELECTOR = YES;
				GCC_WARN_UNINITIALIZED_AUTOS = YES_AGGRESSIVE;
				GCC_WARN_UNUSED_FUNCTION = YES;
				GCC_WARN_UNUSED_VARIABLE = YES;
				IPHONEOS_DEPLOYMENT_TARGET = 8.0;
				MTL_ENABLE_DEBUG_INFO = YES;
				ONLY_ACTIVE_ARCH = YES;
				SDKROOT = iphoneos;
			};
			name = Debug;
		};
		528D5FB41B9F30870081438B /* Release */ = {
			isa = XCBuildConfiguration;
			buildSettings = {
				ALWAYS_SEARCH_USER_PATHS = NO;
				CLANG_CXX_LANGUAGE_STANDARD = "gnu++0x";
				CLANG_CXX_LIBRARY = "libc++";
				CLANG_ENABLE_MODULES = YES;
				CLANG_ENABLE_OBJC_ARC = YES;
				CLANG_WARN_BOOL_CONVERSION = YES;
				CLANG_WARN_CONSTANT_CONVERSION = YES;
				CLANG_WARN_DIRECT_OBJC_ISA_USAGE = YES_ERROR;
				CLANG_WARN_EMPTY_BODY = YES;
				CLANG_WARN_ENUM_CONVERSION = YES;
				CLANG_WARN_INT_CONVERSION = YES;
				CLANG_WARN_OBJC_ROOT_CLASS = YES_ERROR;
				CLANG_WARN_UNREACHABLE_CODE = YES;
				CLANG_WARN__DUPLICATE_METHOD_MATCH = YES;
				"CODE_SIGN_IDENTITY[sdk=iphoneos*]" = "iPhone Developer";
				COPY_PHASE_STRIP = NO;
				DEBUG_INFORMATION_FORMAT = "dwarf-with-dsym";
				ENABLE_NS_ASSERTIONS = NO;
				ENABLE_STRICT_OBJC_MSGSEND = YES;
				GCC_C_LANGUAGE_STANDARD = gnu99;
				GCC_NO_COMMON_BLOCKS = YES;
				GCC_WARN_64_TO_32_BIT_CONVERSION = YES;
				GCC_WARN_ABOUT_RETURN_TYPE = YES_ERROR;
				GCC_WARN_UNDECLARED_SELECTOR = YES;
				GCC_WARN_UNINITIALIZED_AUTOS = YES_AGGRESSIVE;
				GCC_WARN_UNUSED_FUNCTION = YES;
				GCC_WARN_UNUSED_VARIABLE = YES;
				IPHONEOS_DEPLOYMENT_TARGET = 8.0;
				MTL_ENABLE_DEBUG_INFO = NO;
				SDKROOT = iphoneos;
				VALIDATE_PRODUCT = YES;
			};
			name = Release;
		};
		528D5FB61B9F30870081438B /* Debug */ = {
			isa = XCBuildConfiguration;
			buildSettings = {
				ASSETCATALOG_COMPILER_APPICON_NAME = AppIcon;
				INFOPLIST_FILE = GrabTask/Info.plist;
				LD_RUNPATH_SEARCH_PATHS = "$(inherited) @executable_path/Frameworks";
				PRODUCT_NAME = "$(TARGET_NAME)";
			};
			name = Debug;
		};
		528D5FB71B9F30870081438B /* Release */ = {
			isa = XCBuildConfiguration;
			buildSettings = {
				ASSETCATALOG_COMPILER_APPICON_NAME = AppIcon;
				INFOPLIST_FILE = GrabTask/Info.plist;
				LD_RUNPATH_SEARCH_PATHS = "$(inherited) @executable_path/Frameworks";
				PRODUCT_NAME = "$(TARGET_NAME)";
			};
			name = Release;
		};
		528D5FB91B9F30870081438B /* Debug */ = {
			isa = XCBuildConfiguration;
			buildSettings = {
				BUNDLE_LOADER = "$(TEST_HOST)";
				FRAMEWORK_SEARCH_PATHS = (
					"$(SDKROOT)/Developer/Library/Frameworks",
					"$(inherited)",
				);
				GCC_PREPROCESSOR_DEFINITIONS = (
					"DEBUG=1",
					"$(inherited)",
				);
				INFOPLIST_FILE = GrabTaskTests/Info.plist;
				LD_RUNPATH_SEARCH_PATHS = "$(inherited) @executable_path/Frameworks @loader_path/Frameworks";
				PRODUCT_NAME = "$(TARGET_NAME)";
				TEST_HOST = "$(BUILT_PRODUCTS_DIR)/GrabTask.app/GrabTask";
			};
			name = Debug;
		};
		528D5FBA1B9F30870081438B /* Release */ = {
			isa = XCBuildConfiguration;
			buildSettings = {
				BUNDLE_LOADER = "$(TEST_HOST)";
				FRAMEWORK_SEARCH_PATHS = (
					"$(SDKROOT)/Developer/Library/Frameworks",
					"$(inherited)",
				);
				INFOPLIST_FILE = GrabTaskTests/Info.plist;
				LD_RUNPATH_SEARCH_PATHS = "$(inherited) @executable_path/Frameworks @loader_path/Frameworks";
				PRODUCT_NAME = "$(TARGET_NAME)";
				TEST_HOST = "$(BUILT_PRODUCTS_DIR)/GrabTask.app/GrabTask";
			};
			name = Release;
		};
/* End XCBuildConfiguration section */

/* Begin XCConfigurationList section */
		528D5F8A1B9F30870081438B /* Build configuration list for PBXProject "GrabTask" */ = {
			isa = XCConfigurationList;
			buildConfigurations = (
				528D5FB31B9F30870081438B /* Debug */,
				528D5FB41B9F30870081438B /* Release */,
			);
			defaultConfigurationIsVisible = 0;
			defaultConfigurationName = Release;
		};
		528D5FB51B9F30870081438B /* Build configuration list for PBXNativeTarget "GrabTask" */ = {
			isa = XCConfigurationList;
			buildConfigurations = (
				528D5FB61B9F30870081438B /* Debug */,
				528D5FB71B9F30870081438B /* Release */,
			);
			defaultConfigurationIsVisible = 0;
			defaultConfigurationName = Release;
		};
		528D5FB81B9F30870081438B /* Build configuration list for PBXNativeTarget "GrabTaskTests" */ = {
			isa = XCConfigurationList;
			buildConfigurations = (
				528D5FB91B9F30870081438B /* Debug */,
				528D5FBA1B9F30870081438B /* Release */,
			);
			defaultConfigurationIsVisible = 0;
			defaultConfigurationName = Release;
		};
/* End XCConfigurationList section */
	};
	rootObject = 528D5F871B9F30870081438B /* Project object */;
}
